
Microsoft Visual Studio Solution File, Format Version 12.00
# Visual Studio 14
VisualStudioVersion = 14.0.25123.0
MinimumVisualStudioVersion = 10.0.40219.1
Project("{FAE04EC0-301F-11D3-BF4B-00C04F79EFBC}") = "DayOfWeek", "DayOfWeek\DayOfWeek.csproj", "{528C5ABF-1C7F-48AE-B050-140B5C676C23}"
EndProject
Project("{FAE04EC0-301F-11D3-BF4B-00C04F79EFBC}") = "ReverseAnArrayOfIntegeres", "ReverseAnArrayOfIntegeres\ReverseAnArrayOfIntegeres.csproj", "{4D06ADF4-C41C-43F8-8431-0E3567E3F784}"
EndProject
Project("{FAE04EC0-301F-11D3-BF4B-00C04F79EFBC}") = "LastKNumbersSumSequence", "LastKNumbersSumSequence\LastKNumbersSumSequence.csproj", "{30AF72BB-E3EC-4443-867D-AFB8914A3FB2}"
EndProject
Project("{FAE04EC0-301F-11D3-BF4B-00C04F79EFBC}") = "TripleSum", "TripleSum\TripleSum.csproj", "{89850642-8F10-4052-BECD-69AC0B8AD115}"
EndProject
Project("{FAE04EC0-301F-11D3-BF4B-00C04F79EFBC}") = "RoundingAwayFromZero", "RoundingAwayFromZero\RoundingAwayFromZero.csproj", "{97E53300-42DE-4629-B9F2-DA59B42E1EC6}"
EndProject
Project("{FAE04EC0-301F-11D3-BF4B-00C04F79EFBC}") = "ArrayReversing", "ArrayReversing\ArrayReversing.csproj", "{F1564B97-5EBB-4A8E-86CF-9AC5E6B35340}"
EndProject
Project("{FAE04EC0-301F-11D3-BF4B-00C04F79EFBC}") = "SumArrays", "SumArrays\SumArrays.csproj", "{39DE5029-24ED-4265-B730-12C96A931AA8}"
EndProject
Project("{FAE04EC0-301F-11D3-BF4B-00C04F79EFBC}") = "CondenseArrayToNumber", "CondenseArrayToNumber\CondenseArrayToNumber.csproj", "{384D633E-D743-4FEE-9BB0-584F75163226}"
EndProject
Project("{FAE04EC0-301F-11D3-BF4B-00C04F79EFBC}") = "TakeMiddleElements", "TakeMiddleElements\TakeMiddleElements.csproj", "{C99104BB-FBB0-4CBD-8910-A6B326A7C82C}"
EndProject
Project("{FAE04EC0-301F-11D3-BF4B-00C04F79EFBC}") = "RemoveNegativesAndReverse", "RemoveNegativesAndReverse\RemoveNegativesAndReverse.csproj", "{98052F67-826E-40AA-A2D3-F84D06F16B1D}"
EndProject
Project("{FAE04EC0-301F-11D3-BF4B-00C04F79EFBC}") = "AppendList", "AppendList\AppendList.csproj", "{397538D3-C952-42F8-B250-841CE2D150D4}"
EndProject
Global
	GlobalSection(SolutionConfigurationPlatforms) = preSolution
		Debug|Any CPU = Debug|Any CPU
		Release|Any CPU = Release|Any CPU
	EndGlobalSection
	GlobalSection(ProjectConfigurationPlatforms) = postSolution
		{528C5ABF-1C7F-48AE-B050-140B5C676C23}.Debug|Any CPU.ActiveCfg = Debug|Any CPU
		{528C5ABF-1C7F-48AE-B050-140B5C676C23}.Debug|Any CPU.Build.0 = Debug|Any CPU
		{528C5ABF-1C7F-48AE-B050-140B5C676C23}.Release|Any CPU.ActiveCfg = Release|Any CPU
		{528C5ABF-1C7F-48AE-B050-140B5C676C23}.Release|Any CPU.Build.0 = Release|Any CPU
		{4D06ADF4-C41C-43F8-8431-0E3567E3F784}.Debug|Any CPU.ActiveCfg = Debug|Any CPU
		{4D06ADF4-C41C-43F8-8431-0E3567E3F784}.Debug|Any CPU.Build.0 = Debug|Any CPU
		{4D06ADF4-C41C-43F8-8431-0E3567E3F784}.Release|Any CPU.ActiveCfg = Release|Any CPU
		{4D06ADF4-C41C-43F8-8431-0E3567E3F784}.Release|Any CPU.Build.0 = Release|Any CPU
		{30AF72BB-E3EC-4443-867D-AFB8914A3FB2}.Debug|Any CPU.ActiveCfg = Debug|Any CPU
		{30AF72BB-E3EC-4443-867D-AFB8914A3FB2}.Debug|Any CPU.Build.0 = Debug|Any CPU
		{30AF72BB-E3EC-4443-867D-AFB8914A3FB2}.Release|Any CPU.ActiveCfg = Release|Any CPU
		{30AF72BB-E3EC-4443-867D-AFB8914A3FB2}.Release|Any CPU.Build.0 = Release|Any CPU
		{89850642-8F10-4052-BECD-69AC0B8AD115}.Debug|Any CPU.ActiveCfg = Debug|Any CPU
		{89850642-8F10-4052-BECD-69AC0B8AD115}.Debug|Any CPU.Build.0 = Debug|Any CPU
		{89850642-8F10-4052-BECD-69AC0B8AD115}.Release|Any CPU.ActiveCfg = Release|Any CPU
		{89850642-8F10-4052-BECD-69AC0B8AD115}.Release|Any CPU.Build.0 = Release|Any CPU
		{97E53300-42DE-4629-B9F2-DA59B42E1EC6}.Debug|Any CPU.ActiveCfg = Debug|Any CPU
		{97E53300-42DE-4629-B9F2-DA59B42E1EC6}.Debug|Any CPU.Build.0 = Debug|Any CPU
		{97E53300-42DE-4629-B9F2-DA59B42E1EC6}.Release|Any CPU.ActiveCfg = Release|Any CPU
		{97E53300-42DE-4629-B9F2-DA59B42E1EC6}.Release|Any CPU.Build.0 = Release|Any CPU
		{F1564B97-5EBB-4A8E-86CF-9AC5E6B35340}.Debug|Any CPU.ActiveCfg = Debug|Any CPU
		{F1564B97-5EBB-4A8E-86CF-9AC5E6B35340}.Debug|Any CPU.Build.0 = Debug|Any CPU
		{F1564B97-5EBB-4A8E-86CF-9AC5E6B35340}.Release|Any CPU.ActiveCfg = Release|Any CPU
		{F1564B97-5EBB-4A8E-86CF-9AC5E6B35340}.Release|Any CPU.Build.0 = Release|Any CPU
		{39DE5029-24ED-4265-B730-12C96A931AA8}.Debug|Any CPU.ActiveCfg = Debug|Any CPU
		{39DE5029-24ED-4265-B730-12C96A931AA8}.Debug|Any CPU.Build.0 = Debug|Any CPU
		{39DE5029-24ED-4265-B730-12C96A931AA8}.Release|Any CPU.ActiveCfg = Release|Any CPU
		{39DE5029-24ED-4265-B730-12C96A931AA8}.Release|Any CPU.Build.0 = Release|Any CPU
		{384D633E-D743-4FEE-9BB0-584F75163226}.Debug|Any CPU.ActiveCfg = Debug|Any CPU
		{384D633E-D743-4FEE-9BB0-584F75163226}.Debug|Any CPU.Build.0 = Debug|Any CPU
		{384D633E-D743-4FEE-9BB0-584F75163226}.Release|Any CPU.ActiveCfg = Release|Any CPU
		{384D633E-D743-4FEE-9BB0-584F75163226}.Release|Any CPU.Build.0 = Release|Any CPU
		{C99104BB-FBB0-4CBD-8910-A6B326A7C82C}.Debug|Any CPU.ActiveCfg = Debug|Any CPU
		{C99104BB-FBB0-4CBD-8910-A6B326A7C82C}.Debug|Any CPU.Build.0 = Debug|Any CPU
		{C99104BB-FBB0-4CBD-8910-A6B326A7C82C}.Release|Any CPU.ActiveCfg = Release|Any CPU
		{C99104BB-FBB0-4CBD-8910-A6B326A7C82C}.Release|Any CPU.Build.0 = Release|Any CPU
		{98052F67-826E-40AA-A2D3-F84D06F16B1D}.Debug|Any CPU.ActiveCfg = Debug|Any CPU
		{98052F67-826E-40AA-A2D3-F84D06F16B1D}.Debug|Any CPU.Build.0 = Debug|Any CPU
		{98052F67-826E-40AA-A2D3-F84D06F16B1D}.Release|Any CPU.ActiveCfg = Release|Any CPU
		{98052F67-826E-40AA-A2D3-F84D06F16B1D}.Release|Any CPU.Build.0 = Release|Any CPU
		{397538D3-C952-42F8-B250-841CE2D150D4}.Debug|Any CPU.ActiveCfg = Debug|Any CPU
		{397538D3-C952-42F8-B250-841CE2D150D4}.Debug|Any CPU.Build.0 = Debug|Any CPU
		{397538D3-C952-42F8-B250-841CE2D150D4}.Release|Any CPU.ActiveCfg = Release|Any CPU
		{397538D3-C952-42F8-B250-841CE2D150D4}.Release|Any CPU.Build.0 = Release|Any CPU
	EndGlobalSection
	GlobalSection(SolutionProperties) = preSolution
		HideSolutionNode = FALSE
	EndGlobalSection
EndGlobal
